
Microsoft Visual Studio Solution File, Format Version 12.00
# Visual Studio Version 17
VisualStudioVersion = 17.5.002.0
MinimumVisualStudioVersion = 10.0.40219.1
Project("{9A19103F-16F7-4668-BE54-9A1E7A4F7556}") = "MauiBlazorAutoB2bApp", "MauiBlazorAutoB2bApp\MauiBlazorAutoB2bApp.csproj", "{E3338D37-FF50-4A34-96BD-2716ED93F1E2}"
EndProject
Project("{9A19103F-16F7-4668-BE54-9A1E7A4F7556}") = "MauiBlazorAutoB2bApp.Shared", "MauiBlazorAutoB2bApp.Shared\MauiBlazorAutoB2bApp.Shared.csproj", "{1AA5F22B-62F8-414F-AE50-635E99EB3F76}"
EndProject
Project("{9A19103F-16F7-4668-BE54-9A1E7A4F7556}") = "MauiBlazorAutoB2bApp.Web", "MauiBlazorAutoB2bApp.Web\MauiBlazorAutoB2bApp.Web.csproj", "{C2800ABA-8C19-4553-A552-BFF679BEB039}"
EndProject
Project("{9A19103F-16F7-4668-BE54-9A1E7A4F7556}") = "MauiBlazorAutoB2bApp.Web.Client", "MauiBlazorAutoB2bApp.Web.Client\MauiBlazorAutoB2bApp.Web.Client.csproj", "{7C064C71-30BE-4D8D-9B68-E7249ED18FA1}"
EndProject
Project("{2150E333-8FDC-42A3-9474-1A3956D46DE8}") = "Solution Items", "Solution Items", "{02EA681E-C7D8-13C7-8484-4AC65E1B71E8}"
	ProjectSection(SolutionItems) = preProject
		CREATINGmd = CREATINGmd
		MAUI-AUTHENTICATION.md = MAUI-AUTHENTICATION.md
		MSAL-WEB-WASM-SIGN-IN.md = MSAL-WEB-WASM-SIGN-IN.md
		README-.NET MAUI Blazor Hybrid Web App.md = README-.NET MAUI Blazor Hybrid Web App.md
		README-Authentication Flow Diagrams.md = README-Authentication Flow Diagrams.md
		README-DEEP-RESEARCH-ENTRA.md = README-DEEP-RESEARCH-ENTRA.md
		README-IP-CONFIG.md = README-IP-CONFIG.md
		README-Mermaid-Diagram.md = README-Mermaid-Diagram.md
		README-Microsoft Entra External ID.md = README-Microsoft Entra External ID.md
		README-SOL-GEN.md = README-SOL-GEN.md
		SOLUTION-CREATION.md = SOLUTION-CREATION.md
		TinglerIcon.jpg = TinglerIcon.jpg
	EndProjectSection
EndProject
Project("{FAE04EC0-301F-11D3-BF4B-00C04F79EFBC}") = "WebApiWeather", "WebApiWeather\WebApiWeather.csproj", "{61DE49E3-D12E-4796-B802-24F9406A3315}"
EndProject
Project("{2150E333-8FDC-42A3-9474-1A3956D46DE8}") = "MSAL-Tests", "MSAL-Tests", "{63B0D72C-FC43-4F44-A89A-0A30A1DBF08A}"
EndProject
Project("{FAE04EC0-301F-11D3-BF4B-00C04F79EFBC}") = "MauiBlazorAutoB2bApp.Shared.Tests", "MauiBlazorAutoB2bApp.Shared.Testss\MauiBlazorAutoB2bApp.Shared.Tests.csproj", "{B062DD67-9CEF-4C8F-AE2B-6649E49D2EA1}"
EndProject
Global
	GlobalSection(SolutionConfigurationPlatforms) = preSolution
		Debug|Any CPU = Debug|Any CPU
		Debug|ARM64 = Debug|ARM64
		Debug|x64 = Debug|x64
		Debug|x86 = Debug|x86
		Debug-InteractiveAuto|Any CPU = Debug-InteractiveAuto|Any CPU
		Debug-InteractiveAuto|ARM64 = Debug-InteractiveAuto|ARM64
		Debug-InteractiveAuto|x64 = Debug-InteractiveAuto|x64
		Debug-InteractiveAuto|x86 = Debug-InteractiveAuto|x86
		Debug-InteractiveServer|Any CPU = Debug-InteractiveServer|Any CPU
		Debug-InteractiveServer|ARM64 = Debug-InteractiveServer|ARM64
		Debug-InteractiveServer|x64 = Debug-InteractiveServer|x64
		Debug-InteractiveServer|x86 = Debug-InteractiveServer|x86
		Debug-InteractiveWebAssembly|Any CPU = Debug-InteractiveWebAssembly|Any CPU
		Debug-InteractiveWebAssembly|ARM64 = Debug-InteractiveWebAssembly|ARM64
		Debug-InteractiveWebAssembly|x64 = Debug-InteractiveWebAssembly|x64
		Debug-InteractiveWebAssembly|x86 = Debug-InteractiveWebAssembly|x86
		Release|Any CPU = Release|Any CPU
		Release|ARM64 = Release|ARM64
		Release|x64 = Release|x64
		Release|x86 = Release|x86
	EndGlobalSection
	GlobalSection(ProjectConfigurationPlatforms) = postSolution
		{E3338D37-FF50-4A34-96BD-2716ED93F1E2}.Debug|Any CPU.ActiveCfg = Debug|Any CPU
		{E3338D37-FF50-4A34-96BD-2716ED93F1E2}.Debug|Any CPU.Build.0 = Debug|Any CPU
		{E3338D37-FF50-4A34-96BD-2716ED93F1E2}.Debug|Any CPU.Deploy.0 = Debug|Any CPU
		{E3338D37-FF50-4A34-96BD-2716ED93F1E2}.Debug|ARM64.ActiveCfg = Debug|Any CPU
		{E3338D37-FF50-4A34-96BD-2716ED93F1E2}.Debug|ARM64.Build.0 = Debug|Any CPU
		{E3338D37-FF50-4A34-96BD-2716ED93F1E2}.Debug|ARM64.Deploy.0 = Debug|Any CPU
		{E3338D37-FF50-4A34-96BD-2716ED93F1E2}.Debug|x64.ActiveCfg = Debug|Any CPU
		{E3338D37-FF50-4A34-96BD-2716ED93F1E2}.Debug|x64.Build.0 = Debug|Any CPU
		{E3338D37-FF50-4A34-96BD-2716ED93F1E2}.Debug|x64.Deploy.0 = Debug|Any CPU
		{E3338D37-FF50-4A34-96BD-2716ED93F1E2}.Debug|x86.ActiveCfg = Debug|Any CPU
		{E3338D37-FF50-4A34-96BD-2716ED93F1E2}.Debug|x86.Build.0 = Debug|Any CPU
		{E3338D37-FF50-4A34-96BD-2716ED93F1E2}.Debug|x86.Deploy.0 = Debug|Any CPU
		{E3338D37-FF50-4A34-96BD-2716ED93F1E2}.Debug-InteractiveAuto|Any CPU.ActiveCfg = Debug-InteractiveAuto|Any CPU
		{E3338D37-FF50-4A34-96BD-2716ED93F1E2}.Debug-InteractiveAuto|Any CPU.Build.0 = Debug-InteractiveAuto|Any CPU
		{E3338D37-FF50-4A34-96BD-2716ED93F1E2}.Debug-InteractiveAuto|Any CPU.Deploy.0 = Debug-InteractiveAuto|Any CPU
		{E3338D37-FF50-4A34-96BD-2716ED93F1E2}.Debug-InteractiveAuto|ARM64.ActiveCfg = Debug-InteractiveAuto|Any CPU
		{E3338D37-FF50-4A34-96BD-2716ED93F1E2}.Debug-InteractiveAuto|ARM64.Build.0 = Debug-InteractiveAuto|Any CPU
		{E3338D37-FF50-4A34-96BD-2716ED93F1E2}.Debug-InteractiveAuto|x64.ActiveCfg = Debug-InteractiveAuto|Any CPU
		{E3338D37-FF50-4A34-96BD-2716ED93F1E2}.Debug-InteractiveAuto|x64.Build.0 = Debug-InteractiveAuto|Any CPU
		{E3338D37-FF50-4A34-96BD-2716ED93F1E2}.Debug-InteractiveAuto|x86.ActiveCfg = Debug-InteractiveAuto|Any CPU
		{E3338D37-FF50-4A34-96BD-2716ED93F1E2}.Debug-InteractiveAuto|x86.Build.0 = Debug-InteractiveAuto|Any CPU
		{E3338D37-FF50-4A34-96BD-2716ED93F1E2}.Debug-InteractiveServer|Any CPU.ActiveCfg = Debug-InteractiveServer|Any CPU
		{E3338D37-FF50-4A34-96BD-2716ED93F1E2}.Debug-InteractiveServer|Any CPU.Build.0 = Debug-InteractiveServer|Any CPU
		{E3338D37-FF50-4A34-96BD-2716ED93F1E2}.Debug-InteractiveServer|Any CPU.Deploy.0 = Debug-InteractiveServer|Any CPU
		{E3338D37-FF50-4A34-96BD-2716ED93F1E2}.Debug-InteractiveServer|ARM64.ActiveCfg = Debug-InteractiveServer|Any CPU
		{E3338D37-FF50-4A34-96BD-2716ED93F1E2}.Debug-InteractiveServer|ARM64.Build.0 = Debug-InteractiveServer|Any CPU
		{E3338D37-FF50-4A34-96BD-2716ED93F1E2}.Debug-InteractiveServer|x64.ActiveCfg = Debug-InteractiveServer|Any CPU
		{E3338D37-FF50-4A34-96BD-2716ED93F1E2}.Debug-InteractiveServer|x64.Build.0 = Debug-InteractiveServer|Any CPU
		{E3338D37-FF50-4A34-96BD-2716ED93F1E2}.Debug-InteractiveServer|x86.ActiveCfg = Debug-InteractiveServer|Any CPU
		{E3338D37-FF50-4A34-96BD-2716ED93F1E2}.Debug-InteractiveServer|x86.Build.0 = Debug-InteractiveServer|Any CPU
		{E3338D37-FF50-4A34-96BD-2716ED93F1E2}.Debug-InteractiveWebAssembly|Any CPU.ActiveCfg = Debug-InteractiveWebAssembly|Any CPU
		{E3338D37-FF50-4A34-96BD-2716ED93F1E2}.Debug-InteractiveWebAssembly|Any CPU.Build.0 = Debug-InteractiveWebAssembly|Any CPU
		{E3338D37-FF50-4A34-96BD-2716ED93F1E2}.Debug-InteractiveWebAssembly|Any CPU.Deploy.0 = Debug-InteractiveWebAssembly|Any CPU
		{E3338D37-FF50-4A34-96BD-2716ED93F1E2}.Debug-InteractiveWebAssembly|ARM64.ActiveCfg = Debug-InteractiveWebAssembly|Any CPU
		{E3338D37-FF50-4A34-96BD-2716ED93F1E2}.Debug-InteractiveWebAssembly|ARM64.Build.0 = Debug-InteractiveWebAssembly|Any CPU
		{E3338D37-FF50-4A34-96BD-2716ED93F1E2}.Debug-InteractiveWebAssembly|x64.ActiveCfg = Debug-InteractiveWebAssembly|Any CPU
		{E3338D37-FF50-4A34-96BD-2716ED93F1E2}.Debug-InteractiveWebAssembly|x64.Build.0 = Debug-InteractiveWebAssembly|Any CPU
		{E3338D37-FF50-4A34-96BD-2716ED93F1E2}.Debug-InteractiveWebAssembly|x86.ActiveCfg = Debug-InteractiveWebAssembly|Any CPU
		{E3338D37-FF50-4A34-96BD-2716ED93F1E2}.Debug-InteractiveWebAssembly|x86.Build.0 = Debug-InteractiveWebAssembly|Any CPU
		{E3338D37-FF50-4A34-96BD-2716ED93F1E2}.Release|Any CPU.ActiveCfg = Release|Any CPU
		{E3338D37-FF50-4A34-96BD-2716ED93F1E2}.Release|Any CPU.Build.0 = Release|Any CPU
		{E3338D37-FF50-4A34-96BD-2716ED93F1E2}.Release|Any CPU.Deploy.0 = Release|Any CPU
		{E3338D37-FF50-4A34-96BD-2716ED93F1E2}.Release|ARM64.ActiveCfg = Release|Any CPU
		{E3338D37-FF50-4A34-96BD-2716ED93F1E2}.Release|ARM64.Build.0 = Release|Any CPU
		{E3338D37-FF50-4A34-96BD-2716ED93F1E2}.Release|ARM64.Deploy.0 = Release|Any CPU
		{E3338D37-FF50-4A34-96BD-2716ED93F1E2}.Release|x64.ActiveCfg = Release|Any CPU
		{E3338D37-FF50-4A34-96BD-2716ED93F1E2}.Release|x64.Build.0 = Release|Any CPU
		{E3338D37-FF50-4A34-96BD-2716ED93F1E2}.Release|x64.Deploy.0 = Release|Any CPU
		{E3338D37-FF50-4A34-96BD-2716ED93F1E2}.Release|x86.ActiveCfg = Release|Any CPU
		{E3338D37-FF50-4A34-96BD-2716ED93F1E2}.Release|x86.Build.0 = Release|Any CPU
		{E3338D37-FF50-4A34-96BD-2716ED93F1E2}.Release|x86.Deploy.0 = Release|Any CPU
		{1AA5F22B-62F8-414F-AE50-635E99EB3F76}.Debug|Any CPU.ActiveCfg = Debug|Any CPU
		{1AA5F22B-62F8-414F-AE50-635E99EB3F76}.Debug|Any CPU.Build.0 = Debug|Any CPU
		{1AA5F22B-62F8-414F-AE50-635E99EB3F76}.Debug|ARM64.ActiveCfg = Debug|Any CPU
		{1AA5F22B-62F8-414F-AE50-635E99EB3F76}.Debug|ARM64.Build.0 = Debug|Any CPU
		{1AA5F22B-62F8-414F-AE50-635E99EB3F76}.Debug|x64.ActiveCfg = Debug|Any CPU
		{1AA5F22B-62F8-414F-AE50-635E99EB3F76}.Debug|x64.Build.0 = Debug|Any CPU
		{1AA5F22B-62F8-414F-AE50-635E99EB3F76}.Debug|x86.ActiveCfg = Debug|Any CPU
		{1AA5F22B-62F8-414F-AE50-635E99EB3F76}.Debug|x86.Build.0 = Debug|Any CPU
		{1AA5F22B-62F8-414F-AE50-635E99EB3F76}.Debug-InteractiveAuto|Any CPU.ActiveCfg = Debug-InteractiveAuto|Any CPU
		{1AA5F22B-62F8-414F-AE50-635E99EB3F76}.Debug-InteractiveAuto|Any CPU.Build.0 = Debug-InteractiveAuto|Any CPU
		{1AA5F22B-62F8-414F-AE50-635E99EB3F76}.Debug-InteractiveAuto|ARM64.ActiveCfg = Debug-InteractiveAuto|Any CPU
		{1AA5F22B-62F8-414F-AE50-635E99EB3F76}.Debug-InteractiveAuto|ARM64.Build.0 = Debug-InteractiveAuto|Any CPU
		{1AA5F22B-62F8-414F-AE50-635E99EB3F76}.Debug-InteractiveAuto|x64.ActiveCfg = Debug-InteractiveAuto|Any CPU
		{1AA5F22B-62F8-414F-AE50-635E99EB3F76}.Debug-InteractiveAuto|x64.Build.0 = Debug-InteractiveAuto|Any CPU
		{1AA5F22B-62F8-414F-AE50-635E99EB3F76}.Debug-InteractiveAuto|x86.ActiveCfg = Debug-InteractiveAuto|Any CPU
		{1AA5F22B-62F8-414F-AE50-635E99EB3F76}.Debug-InteractiveAuto|x86.Build.0 = Debug-InteractiveAuto|Any CPU
		{1AA5F22B-62F8-414F-AE50-635E99EB3F76}.Debug-InteractiveServer|Any CPU.ActiveCfg = Debug-InteractiveServer|Any CPU
		{1AA5F22B-62F8-414F-AE50-635E99EB3F76}.Debug-InteractiveServer|Any CPU.Build.0 = Debug-InteractiveServer|Any CPU
		{1AA5F22B-62F8-414F-AE50-635E99EB3F76}.Debug-InteractiveServer|ARM64.ActiveCfg = Debug-InteractiveServer|Any CPU
		{1AA5F22B-62F8-414F-AE50-635E99EB3F76}.Debug-InteractiveServer|ARM64.Build.0 = Debug-InteractiveServer|Any CPU
		{1AA5F22B-62F8-414F-AE50-635E99EB3F76}.Debug-InteractiveServer|x64.ActiveCfg = Debug-InteractiveServer|Any CPU
		{1AA5F22B-62F8-414F-AE50-635E99EB3F76}.Debug-InteractiveServer|x64.Build.0 = Debug-InteractiveServer|Any CPU
		{1AA5F22B-62F8-414F-AE50-635E99EB3F76}.Debug-InteractiveServer|x86.ActiveCfg = Debug-InteractiveServer|Any CPU
		{1AA5F22B-62F8-414F-AE50-635E99EB3F76}.Debug-InteractiveServer|x86.Build.0 = Debug-InteractiveServer|Any CPU
		{1AA5F22B-62F8-414F-AE50-635E99EB3F76}.Debug-InteractiveWebAssembly|Any CPU.ActiveCfg = Debug-InteractiveWebAssembly|Any CPU
		{1AA5F22B-62F8-414F-AE50-635E99EB3F76}.Debug-InteractiveWebAssembly|Any CPU.Build.0 = Debug-InteractiveWebAssembly|Any CPU
		{1AA5F22B-62F8-414F-AE50-635E99EB3F76}.Debug-InteractiveWebAssembly|ARM64.ActiveCfg = Debug-InteractiveWebAssembly|Any CPU
		{1AA5F22B-62F8-414F-AE50-635E99EB3F76}.Debug-InteractiveWebAssembly|ARM64.Build.0 = Debug-InteractiveWebAssembly|Any CPU
		{1AA5F22B-62F8-414F-AE50-635E99EB3F76}.Debug-InteractiveWebAssembly|x64.ActiveCfg = Debug-InteractiveWebAssembly|Any CPU
		{1AA5F22B-62F8-414F-AE50-635E99EB3F76}.Debug-InteractiveWebAssembly|x64.Build.0 = Debug-InteractiveWebAssembly|Any CPU
		{1AA5F22B-62F8-414F-AE50-635E99EB3F76}.Debug-InteractiveWebAssembly|x86.ActiveCfg = Debug-InteractiveWebAssembly|Any CPU
		{1AA5F22B-62F8-414F-AE50-635E99EB3F76}.Debug-InteractiveWebAssembly|x86.Build.0 = Debug-InteractiveWebAssembly|Any CPU
		{1AA5F22B-62F8-414F-AE50-635E99EB3F76}.Release|Any CPU.ActiveCfg = Release|Any CPU
		{1AA5F22B-62F8-414F-AE50-635E99EB3F76}.Release|Any CPU.Build.0 = Release|Any CPU
		{1AA5F22B-62F8-414F-AE50-635E99EB3F76}.Release|ARM64.ActiveCfg = Release|Any CPU
		{1AA5F22B-62F8-414F-AE50-635E99EB3F76}.Release|ARM64.Build.0 = Release|Any CPU
		{1AA5F22B-62F8-414F-AE50-635E99EB3F76}.Release|x64.ActiveCfg = Release|Any CPU
		{1AA5F22B-62F8-414F-AE50-635E99EB3F76}.Release|x64.Build.0 = Release|Any CPU
		{1AA5F22B-62F8-414F-AE50-635E99EB3F76}.Release|x86.ActiveCfg = Release|Any CPU
		{1AA5F22B-62F8-414F-AE50-635E99EB3F76}.Release|x86.Build.0 = Release|Any CPU
		{C2800ABA-8C19-4553-A552-BFF679BEB039}.Debug|Any CPU.ActiveCfg = Debug|Any CPU
		{C2800ABA-8C19-4553-A552-BFF679BEB039}.Debug|Any CPU.Build.0 = Debug|Any CPU
		{C2800ABA-8C19-4553-A552-BFF679BEB039}.Debug|Any CPU.Deploy.0 = Debug|Any CPU
		{C2800ABA-8C19-4553-A552-BFF679BEB039}.Debug|ARM64.ActiveCfg = Debug|Any CPU
		{C2800ABA-8C19-4553-A552-BFF679BEB039}.Debug|ARM64.Build.0 = Debug|Any CPU
		{C2800ABA-8C19-4553-A552-BFF679BEB039}.Debug|ARM64.Deploy.0 = Debug|Any CPU
		{C2800ABA-8C19-4553-A552-BFF679BEB039}.Debug|x64.ActiveCfg = Debug|Any CPU
		{C2800ABA-8C19-4553-A552-BFF679BEB039}.Debug|x64.Build.0 = Debug|Any CPU
		{C2800ABA-8C19-4553-A552-BFF679BEB039}.Debug|x64.Deploy.0 = Debug|Any CPU
		{C2800ABA-8C19-4553-A552-BFF679BEB039}.Debug|x86.ActiveCfg = Debug|Any CPU
		{C2800ABA-8C19-4553-A552-BFF679BEB039}.Debug|x86.Build.0 = Debug|Any CPU
		{C2800ABA-8C19-4553-A552-BFF679BEB039}.Debug|x86.Deploy.0 = Debug|Any CPU
		{C2800ABA-8C19-4553-A552-BFF679BEB039}.Debug-InteractiveAuto|Any CPU.ActiveCfg = Debug-InteractiveAuto|Any CPU
		{C2800ABA-8C19-4553-A552-BFF679BEB039}.Debug-InteractiveAuto|Any CPU.Build.0 = Debug-InteractiveAuto|Any CPU
		{C2800ABA-8C19-4553-A552-BFF679BEB039}.Debug-InteractiveAuto|ARM64.ActiveCfg = Debug-InteractiveAuto|Any CPU
		{C2800ABA-8C19-4553-A552-BFF679BEB039}.Debug-InteractiveAuto|ARM64.Build.0 = Debug-InteractiveAuto|Any CPU
		{C2800ABA-8C19-4553-A552-BFF679BEB039}.Debug-InteractiveAuto|x64.ActiveCfg = Debug-InteractiveAuto|Any CPU
		{C2800ABA-8C19-4553-A552-BFF679BEB039}.Debug-InteractiveAuto|x64.Build.0 = Debug-InteractiveAuto|Any CPU
		{C2800ABA-8C19-4553-A552-BFF679BEB039}.Debug-InteractiveAuto|x86.ActiveCfg = Debug-InteractiveAuto|Any CPU
		{C2800ABA-8C19-4553-A552-BFF679BEB039}.Debug-InteractiveAuto|x86.Build.0 = Debug-InteractiveAuto|Any CPU
		{C2800ABA-8C19-4553-A552-BFF679BEB039}.Debug-InteractiveServer|Any CPU.ActiveCfg = Debug-InteractiveServer|Any CPU
		{C2800ABA-8C19-4553-A552-BFF679BEB039}.Debug-InteractiveServer|Any CPU.Build.0 = Debug-InteractiveServer|Any CPU
		{C2800ABA-8C19-4553-A552-BFF679BEB039}.Debug-InteractiveServer|ARM64.ActiveCfg = Debug-InteractiveServer|Any CPU
		{C2800ABA-8C19-4553-A552-BFF679BEB039}.Debug-InteractiveServer|ARM64.Build.0 = Debug-InteractiveServer|Any CPU
		{C2800ABA-8C19-4553-A552-BFF679BEB039}.Debug-InteractiveServer|x64.ActiveCfg = Debug-InteractiveServer|Any CPU
		{C2800ABA-8C19-4553-A552-BFF679BEB039}.Debug-InteractiveServer|x64.Build.0 = Debug-InteractiveServer|Any CPU
		{C2800ABA-8C19-4553-A552-BFF679BEB039}.Debug-InteractiveServer|x86.ActiveCfg = Debug-InteractiveServer|Any CPU
		{C2800ABA-8C19-4553-A552-BFF679BEB039}.Debug-InteractiveServer|x86.Build.0 = Debug-InteractiveServer|Any CPU
		{C2800ABA-8C19-4553-A552-BFF679BEB039}.Debug-InteractiveWebAssembly|Any CPU.ActiveCfg = Debug-InteractiveWebAssembly|Any CPU
		{C2800ABA-8C19-4553-A552-BFF679BEB039}.Debug-InteractiveWebAssembly|Any CPU.Build.0 = Debug-InteractiveWebAssembly|Any CPU
		{C2800ABA-8C19-4553-A552-BFF679BEB039}.Debug-InteractiveWebAssembly|ARM64.ActiveCfg = Debug-InteractiveWebAssembly|Any CPU
		{C2800ABA-8C19-4553-A552-BFF679BEB039}.Debug-InteractiveWebAssembly|ARM64.Build.0 = Debug-InteractiveWebAssembly|Any CPU
		{C2800ABA-8C19-4553-A552-BFF679BEB039}.Debug-InteractiveWebAssembly|x64.ActiveCfg = Debug-InteractiveWebAssembly|Any CPU
		{C2800ABA-8C19-4553-A552-BFF679BEB039}.Debug-InteractiveWebAssembly|x64.Build.0 = Debug-InteractiveWebAssembly|Any CPU
		{C2800ABA-8C19-4553-A552-BFF679BEB039}.Debug-InteractiveWebAssembly|x86.ActiveCfg = Debug-InteractiveWebAssembly|Any CPU
		{C2800ABA-8C19-4553-A552-BFF679BEB039}.Debug-InteractiveWebAssembly|x86.Build.0 = Debug-InteractiveWebAssembly|Any CPU
		{C2800ABA-8C19-4553-A552-BFF679BEB039}.Release|Any CPU.ActiveCfg = Release|Any CPU
		{C2800ABA-8C19-4553-A552-BFF679BEB039}.Release|Any CPU.Build.0 = Release|Any CPU
		{C2800ABA-8C19-4553-A552-BFF679BEB039}.Release|Any CPU.Deploy.0 = Release|Any CPU
		{C2800ABA-8C19-4553-A552-BFF679BEB039}.Release|ARM64.ActiveCfg = Release|Any CPU
		{C2800ABA-8C19-4553-A552-BFF679BEB039}.Release|ARM64.Build.0 = Release|Any CPU
		{C2800ABA-8C19-4553-A552-BFF679BEB039}.Release|ARM64.Deploy.0 = Release|Any CPU
		{C2800ABA-8C19-4553-A552-BFF679BEB039}.Release|x64.ActiveCfg = Release|Any CPU
		{C2800ABA-8C19-4553-A552-BFF679BEB039}.Release|x64.Build.0 = Release|Any CPU
		{C2800ABA-8C19-4553-A552-BFF679BEB039}.Release|x64.Deploy.0 = Release|Any CPU
		{C2800ABA-8C19-4553-A552-BFF679BEB039}.Release|x86.ActiveCfg = Release|Any CPU
		{C2800ABA-8C19-4553-A552-BFF679BEB039}.Release|x86.Build.0 = Release|Any CPU
		{C2800ABA-8C19-4553-A552-BFF679BEB039}.Release|x86.Deploy.0 = Release|Any CPU
		{7C064C71-30BE-4D8D-9B68-E7249ED18FA1}.Debug|Any CPU.ActiveCfg = Debug|Any CPU
		{7C064C71-30BE-4D8D-9B68-E7249ED18FA1}.Debug|Any CPU.Build.0 = Debug|Any CPU
		{7C064C71-30BE-4D8D-9B68-E7249ED18FA1}.Debug|Any CPU.Deploy.0 = Debug|Any CPU
		{7C064C71-30BE-4D8D-9B68-E7249ED18FA1}.Debug|ARM64.ActiveCfg = Debug|Any CPU
		{7C064C71-30BE-4D8D-9B68-E7249ED18FA1}.Debug|ARM64.Build.0 = Debug|Any CPU
		{7C064C71-30BE-4D8D-9B68-E7249ED18FA1}.Debug|ARM64.Deploy.0 = Debug|Any CPU
		{7C064C71-30BE-4D8D-9B68-E7249ED18FA1}.Debug|x64.ActiveCfg = Debug|Any CPU
		{7C064C71-30BE-4D8D-9B68-E7249ED18FA1}.Debug|x64.Build.0 = Debug|Any CPU
		{7C064C71-30BE-4D8D-9B68-E7249ED18FA1}.Debug|x64.Deploy.0 = Debug|Any CPU
		{7C064C71-30BE-4D8D-9B68-E7249ED18FA1}.Debug|x86.ActiveCfg = Debug|Any CPU
		{7C064C71-30BE-4D8D-9B68-E7249ED18FA1}.Debug|x86.Build.0 = Debug|Any CPU
		{7C064C71-30BE-4D8D-9B68-E7249ED18FA1}.Debug|x86.Deploy.0 = Debug|Any CPU
		{7C064C71-30BE-4D8D-9B68-E7249ED18FA1}.Debug-InteractiveAuto|Any CPU.ActiveCfg = Debug-InteractiveAuto|Any CPU
		{7C064C71-30BE-4D8D-9B68-E7249ED18FA1}.Debug-InteractiveAuto|Any CPU.Build.0 = Debug-InteractiveAuto|Any CPU
		{7C064C71-30BE-4D8D-9B68-E7249ED18FA1}.Debug-InteractiveAuto|ARM64.ActiveCfg = Debug-InteractiveAuto|Any CPU
		{7C064C71-30BE-4D8D-9B68-E7249ED18FA1}.Debug-InteractiveAuto|ARM64.Build.0 = Debug-InteractiveAuto|Any CPU
		{7C064C71-30BE-4D8D-9B68-E7249ED18FA1}.Debug-InteractiveAuto|x64.ActiveCfg = Debug-InteractiveAuto|Any CPU
		{7C064C71-30BE-4D8D-9B68-E7249ED18FA1}.Debug-InteractiveAuto|x64.Build.0 = Debug-InteractiveAuto|Any CPU
		{7C064C71-30BE-4D8D-9B68-E7249ED18FA1}.Debug-InteractiveAuto|x86.ActiveCfg = Debug-InteractiveAuto|Any CPU
		{7C064C71-30BE-4D8D-9B68-E7249ED18FA1}.Debug-InteractiveAuto|x86.Build.0 = Debug-InteractiveAuto|Any CPU
		{7C064C71-30BE-4D8D-9B68-E7249ED18FA1}.Debug-InteractiveServer|Any CPU.ActiveCfg = Debug-InteractiveServer|Any CPU
		{7C064C71-30BE-4D8D-9B68-E7249ED18FA1}.Debug-InteractiveServer|Any CPU.Build.0 = Debug-InteractiveServer|Any CPU
		{7C064C71-30BE-4D8D-9B68-E7249ED18FA1}.Debug-InteractiveServer|ARM64.ActiveCfg = Debug-InteractiveServer|Any CPU
		{7C064C71-30BE-4D8D-9B68-E7249ED18FA1}.Debug-InteractiveServer|ARM64.Build.0 = Debug-InteractiveServer|Any CPU
		{7C064C71-30BE-4D8D-9B68-E7249ED18FA1}.Debug-InteractiveServer|x64.ActiveCfg = Debug-InteractiveServer|Any CPU
		{7C064C71-30BE-4D8D-9B68-E7249ED18FA1}.Debug-InteractiveServer|x64.Build.0 = Debug-InteractiveServer|Any CPU
		{7C064C71-30BE-4D8D-9B68-E7249ED18FA1}.Debug-InteractiveServer|x86.ActiveCfg = Debug-InteractiveServer|Any CPU
		{7C064C71-30BE-4D8D-9B68-E7249ED18FA1}.Debug-InteractiveServer|x86.Build.0 = Debug-InteractiveServer|Any CPU
		{7C064C71-30BE-4D8D-9B68-E7249ED18FA1}.Debug-InteractiveWebAssembly|Any CPU.ActiveCfg = Debug-InteractiveWebAssembly|Any CPU
		{7C064C71-30BE-4D8D-9B68-E7249ED18FA1}.Debug-InteractiveWebAssembly|Any CPU.Build.0 = Debug-InteractiveWebAssembly|Any CPU
		{7C064C71-30BE-4D8D-9B68-E7249ED18FA1}.Debug-InteractiveWebAssembly|ARM64.ActiveCfg = Debug-InteractiveWebAssembly|Any CPU
		{7C064C71-30BE-4D8D-9B68-E7249ED18FA1}.Debug-InteractiveWebAssembly|ARM64.Build.0 = Debug-InteractiveWebAssembly|Any CPU
		{7C064C71-30BE-4D8D-9B68-E7249ED18FA1}.Debug-InteractiveWebAssembly|x64.ActiveCfg = Debug-InteractiveWebAssembly|Any CPU
		{7C064C71-30BE-4D8D-9B68-E7249ED18FA1}.Debug-InteractiveWebAssembly|x64.Build.0 = Debug-InteractiveWebAssembly|Any CPU
		{7C064C71-30BE-4D8D-9B68-E7249ED18FA1}.Debug-InteractiveWebAssembly|x86.ActiveCfg = Debug-InteractiveWebAssembly|Any CPU
		{7C064C71-30BE-4D8D-9B68-E7249ED18FA1}.Debug-InteractiveWebAssembly|x86.Build.0 = Debug-InteractiveWebAssembly|Any CPU
		{7C064C71-30BE-4D8D-9B68-E7249ED18FA1}.Release|Any CPU.ActiveCfg = Release|Any CPU
		{7C064C71-30BE-4D8D-9B68-E7249ED18FA1}.Release|Any CPU.Build.0 = Release|Any CPU
		{7C064C71-30BE-4D8D-9B68-E7249ED18FA1}.Release|Any CPU.Deploy.0 = Release|Any CPU
		{7C064C71-30BE-4D8D-9B68-E7249ED18FA1}.Release|ARM64.ActiveCfg = Release|Any CPU
		{7C064C71-30BE-4D8D-9B68-E7249ED18FA1}.Release|ARM64.Build.0 = Release|Any CPU
		{7C064C71-30BE-4D8D-9B68-E7249ED18FA1}.Release|ARM64.Deploy.0 = Release|Any CPU
		{7C064C71-30BE-4D8D-9B68-E7249ED18FA1}.Release|x64.ActiveCfg = Release|Any CPU
		{7C064C71-30BE-4D8D-9B68-E7249ED18FA1}.Release|x64.Build.0 = Release|Any CPU
		{7C064C71-30BE-4D8D-9B68-E7249ED18FA1}.Release|x64.Deploy.0 = Release|Any CPU
		{7C064C71-30BE-4D8D-9B68-E7249ED18FA1}.Release|x86.ActiveCfg = Release|Any CPU
		{7C064C71-30BE-4D8D-9B68-E7249ED18FA1}.Release|x86.Build.0 = Release|Any CPU
		{7C064C71-30BE-4D8D-9B68-E7249ED18FA1}.Release|x86.Deploy.0 = Release|Any CPU
		{61DE49E3-D12E-4796-B802-24F9406A3315}.Debug|Any CPU.ActiveCfg = Debug|Any CPU
		{61DE49E3-D12E-4796-B802-24F9406A3315}.Debug|Any CPU.Build.0 = Debug|Any CPU
		{61DE49E3-D12E-4796-B802-24F9406A3315}.Debug|ARM64.ActiveCfg = Debug|Any CPU
		{61DE49E3-D12E-4796-B802-24F9406A3315}.Debug|ARM64.Build.0 = Debug|Any CPU
		{61DE49E3-D12E-4796-B802-24F9406A3315}.Debug|x64.ActiveCfg = Debug|Any CPU
		{61DE49E3-D12E-4796-B802-24F9406A3315}.Debug|x64.Build.0 = Debug|Any CPU
		{61DE49E3-D12E-4796-B802-24F9406A3315}.Debug|x86.ActiveCfg = Debug|Any CPU
		{61DE49E3-D12E-4796-B802-24F9406A3315}.Debug|x86.Build.0 = Debug|Any CPU
		{61DE49E3-D12E-4796-B802-24F9406A3315}.Debug-InteractiveAuto|Any CPU.ActiveCfg = Debug-InteractiveAuto|Any CPU
		{61DE49E3-D12E-4796-B802-24F9406A3315}.Debug-InteractiveAuto|Any CPU.Build.0 = Debug-InteractiveAuto|Any CPU
		{61DE49E3-D12E-4796-B802-24F9406A3315}.Debug-InteractiveAuto|ARM64.ActiveCfg = Debug-InteractiveAuto|Any CPU
		{61DE49E3-D12E-4796-B802-24F9406A3315}.Debug-InteractiveAuto|ARM64.Build.0 = Debug-InteractiveAuto|Any CPU
		{61DE49E3-D12E-4796-B802-24F9406A3315}.Debug-InteractiveAuto|x64.ActiveCfg = Debug-InteractiveAuto|Any CPU
		{61DE49E3-D12E-4796-B802-24F9406A3315}.Debug-InteractiveAuto|x64.Build.0 = Debug-InteractiveAuto|Any CPU
		{61DE49E3-D12E-4796-B802-24F9406A3315}.Debug-InteractiveAuto|x86.ActiveCfg = Debug-InteractiveAuto|Any CPU
		{61DE49E3-D12E-4796-B802-24F9406A3315}.Debug-InteractiveAuto|x86.Build.0 = Debug-InteractiveAuto|Any CPU
		{61DE49E3-D12E-4796-B802-24F9406A3315}.Debug-InteractiveServer|Any CPU.ActiveCfg = Debug-InteractiveServer|Any CPU
		{61DE49E3-D12E-4796-B802-24F9406A3315}.Debug-InteractiveServer|Any CPU.Build.0 = Debug-InteractiveServer|Any CPU
		{61DE49E3-D12E-4796-B802-24F9406A3315}.Debug-InteractiveServer|ARM64.ActiveCfg = Debug-InteractiveServer|Any CPU
		{61DE49E3-D12E-4796-B802-24F9406A3315}.Debug-InteractiveServer|ARM64.Build.0 = Debug-InteractiveServer|Any CPU
		{61DE49E3-D12E-4796-B802-24F9406A3315}.Debug-InteractiveServer|x64.ActiveCfg = Debug-InteractiveServer|Any CPU
		{61DE49E3-D12E-4796-B802-24F9406A3315}.Debug-InteractiveServer|x64.Build.0 = Debug-InteractiveServer|Any CPU
		{61DE49E3-D12E-4796-B802-24F9406A3315}.Debug-InteractiveServer|x86.ActiveCfg = Debug-InteractiveServer|Any CPU
		{61DE49E3-D12E-4796-B802-24F9406A3315}.Debug-InteractiveServer|x86.Build.0 = Debug-InteractiveServer|Any CPU
		{61DE49E3-D12E-4796-B802-24F9406A3315}.Debug-InteractiveWebAssembly|Any CPU.ActiveCfg = Debug-InteractiveWebAssembly|Any CPU
		{61DE49E3-D12E-4796-B802-24F9406A3315}.Debug-InteractiveWebAssembly|Any CPU.Build.0 = Debug-InteractiveWebAssembly|Any CPU
		{61DE49E3-D12E-4796-B802-24F9406A3315}.Debug-InteractiveWebAssembly|ARM64.ActiveCfg = Debug-InteractiveWebAssembly|Any CPU
		{61DE49E3-D12E-4796-B802-24F9406A3315}.Debug-InteractiveWebAssembly|ARM64.Build.0 = Debug-InteractiveWebAssembly|Any CPU
		{61DE49E3-D12E-4796-B802-24F9406A3315}.Debug-InteractiveWebAssembly|x64.ActiveCfg = Debug-InteractiveWebAssembly|Any CPU
		{61DE49E3-D12E-4796-B802-24F9406A3315}.Debug-InteractiveWebAssembly|x64.Build.0 = Debug-InteractiveWebAssembly|Any CPU
		{61DE49E3-D12E-4796-B802-24F9406A3315}.Debug-InteractiveWebAssembly|x86.ActiveCfg = Debug-InteractiveWebAssembly|Any CPU
		{61DE49E3-D12E-4796-B802-24F9406A3315}.Debug-InteractiveWebAssembly|x86.Build.0 = Debug-InteractiveWebAssembly|Any CPU
		{61DE49E3-D12E-4796-B802-24F9406A3315}.Release|Any CPU.ActiveCfg = Release|Any CPU
		{61DE49E3-D12E-4796-B802-24F9406A3315}.Release|Any CPU.Build.0 = Release|Any CPU
		{61DE49E3-D12E-4796-B802-24F9406A3315}.Release|ARM64.ActiveCfg = Release|Any CPU
		{61DE49E3-D12E-4796-B802-24F9406A3315}.Release|ARM64.Build.0 = Release|Any CPU
		{61DE49E3-D12E-4796-B802-24F9406A3315}.Release|x64.ActiveCfg = Release|Any CPU
		{61DE49E3-D12E-4796-B802-24F9406A3315}.Release|x64.Build.0 = Release|Any CPU
		{61DE49E3-D12E-4796-B802-24F9406A3315}.Release|x86.ActiveCfg = Release|Any CPU
		{61DE49E3-D12E-4796-B802-24F9406A3315}.Release|x86.Build.0 = Release|Any CPU
		{B062DD67-9CEF-4C8F-AE2B-6649E49D2EA1}.Debug|Any CPU.ActiveCfg = Debug|Any CPU
		{B062DD67-9CEF-4C8F-AE2B-6649E49D2EA1}.Debug|Any CPU.Build.0 = Debug|Any CPU
		{B062DD67-9CEF-4C8F-AE2B-6649E49D2EA1}.Debug|ARM64.ActiveCfg = Debug|Any CPU
		{B062DD67-9CEF-4C8F-AE2B-6649E49D2EA1}.Debug|ARM64.Build.0 = Debug|Any CPU
		{B062DD67-9CEF-4C8F-AE2B-6649E49D2EA1}.Debug|x64.ActiveCfg = Debug|Any CPU
		{B062DD67-9CEF-4C8F-AE2B-6649E49D2EA1}.Debug|x64.Build.0 = Debug|Any CPU
		{B062DD67-9CEF-4C8F-AE2B-6649E49D2EA1}.Debug|x86.ActiveCfg = Debug|Any CPU
		{B062DD67-9CEF-4C8F-AE2B-6649E49D2EA1}.Debug|x86.Build.0 = Debug|Any CPU
		{B062DD67-9CEF-4C8F-AE2B-6649E49D2EA1}.Debug-InteractiveAuto|Any CPU.ActiveCfg = Debug-InteractiveAuto|Any CPU
		{B062DD67-9CEF-4C8F-AE2B-6649E49D2EA1}.Debug-InteractiveAuto|Any CPU.Build.0 = Debug-InteractiveAuto|Any CPU
		{B062DD67-9CEF-4C8F-AE2B-6649E49D2EA1}.Debug-InteractiveAuto|ARM64.ActiveCfg = Debug-InteractiveAuto|Any CPU
		{B062DD67-9CEF-4C8F-AE2B-6649E49D2EA1}.Debug-InteractiveAuto|ARM64.Build.0 = Debug-InteractiveAuto|Any CPU
		{B062DD67-9CEF-4C8F-AE2B-6649E49D2EA1}.Debug-InteractiveAuto|x64.ActiveCfg = Debug-InteractiveAuto|Any CPU
		{B062DD67-9CEF-4C8F-AE2B-6649E49D2EA1}.Debug-InteractiveAuto|x64.Build.0 = Debug-InteractiveAuto|Any CPU
		{B062DD67-9CEF-4C8F-AE2B-6649E49D2EA1}.Debug-InteractiveAuto|x86.ActiveCfg = Debug-InteractiveAuto|Any CPU
		{B062DD67-9CEF-4C8F-AE2B-6649E49D2EA1}.Debug-InteractiveAuto|x86.Build.0 = Debug-InteractiveAuto|Any CPU
		{B062DD67-9CEF-4C8F-AE2B-6649E49D2EA1}.Debug-InteractiveServer|Any CPU.ActiveCfg = Debug-InteractiveServer|Any CPU
		{B062DD67-9CEF-4C8F-AE2B-6649E49D2EA1}.Debug-InteractiveServer|Any CPU.Build.0 = Debug-InteractiveServer|Any CPU
		{B062DD67-9CEF-4C8F-AE2B-6649E49D2EA1}.Debug-InteractiveServer|ARM64.ActiveCfg = Debug-InteractiveServer|Any CPU
		{B062DD67-9CEF-4C8F-AE2B-6649E49D2EA1}.Debug-InteractiveServer|ARM64.Build.0 = Debug-InteractiveServer|Any CPU
		{B062DD67-9CEF-4C8F-AE2B-6649E49D2EA1}.Debug-InteractiveServer|x64.ActiveCfg = Debug-InteractiveServer|Any CPU
		{B062DD67-9CEF-4C8F-AE2B-6649E49D2EA1}.Debug-InteractiveServer|x64.Build.0 = Debug-InteractiveServer|Any CPU
		{B062DD67-9CEF-4C8F-AE2B-6649E49D2EA1}.Debug-InteractiveServer|x86.ActiveCfg = Debug-InteractiveServer|Any CPU
		{B062DD67-9CEF-4C8F-AE2B-6649E49D2EA1}.Debug-InteractiveServer|x86.Build.0 = Debug-InteractiveServer|Any CPU
		{B062DD67-9CEF-4C8F-AE2B-6649E49D2EA1}.Debug-InteractiveWebAssembly|Any CPU.ActiveCfg = Debug-InteractiveWebAssembly|Any CPU
		{B062DD67-9CEF-4C8F-AE2B-6649E49D2EA1}.Debug-InteractiveWebAssembly|Any CPU.Build.0 = Debug-InteractiveWebAssembly|Any CPU
		{B062DD67-9CEF-4C8F-AE2B-6649E49D2EA1}.Debug-InteractiveWebAssembly|ARM64.ActiveCfg = Debug-InteractiveWebAssembly|Any CPU
		{B062DD67-9CEF-4C8F-AE2B-6649E49D2EA1}.Debug-InteractiveWebAssembly|ARM64.Build.0 = Debug-InteractiveWebAssembly|Any CPU
		{B062DD67-9CEF-4C8F-AE2B-6649E49D2EA1}.Debug-InteractiveWebAssembly|x64.ActiveCfg = Debug-InteractiveWebAssembly|Any CPU
		{B062DD67-9CEF-4C8F-AE2B-6649E49D2EA1}.Debug-InteractiveWebAssembly|x64.Build.0 = Debug-InteractiveWebAssembly|Any CPU
		{B062DD67-9CEF-4C8F-AE2B-6649E49D2EA1}.Debug-InteractiveWebAssembly|x86.ActiveCfg = Debug-InteractiveWebAssembly|Any CPU
		{B062DD67-9CEF-4C8F-AE2B-6649E49D2EA1}.Debug-InteractiveWebAssembly|x86.Build.0 = Debug-InteractiveWebAssembly|Any CPU
		{B062DD67-9CEF-4C8F-AE2B-6649E49D2EA1}.Release|Any CPU.ActiveCfg = Release|Any CPU
		{B062DD67-9CEF-4C8F-AE2B-6649E49D2EA1}.Release|Any CPU.Build.0 = Release|Any CPU
		{B062DD67-9CEF-4C8F-AE2B-6649E49D2EA1}.Release|ARM64.ActiveCfg = Release|Any CPU
		{B062DD67-9CEF-4C8F-AE2B-6649E49D2EA1}.Release|ARM64.Build.0 = Release|Any CPU
		{B062DD67-9CEF-4C8F-AE2B-6649E49D2EA1}.Release|x64.ActiveCfg = Release|Any CPU
		{B062DD67-9CEF-4C8F-AE2B-6649E49D2EA1}.Release|x64.Build.0 = Release|Any CPU
		{B062DD67-9CEF-4C8F-AE2B-6649E49D2EA1}.Release|x86.ActiveCfg = Release|Any CPU
		{B062DD67-9CEF-4C8F-AE2B-6649E49D2EA1}.Release|x86.Build.0 = Release|Any CPU
	EndGlobalSection
	GlobalSection(SolutionProperties) = preSolution
		HideSolutionNode = FALSE
	EndGlobalSection
	GlobalSection(ExtensibilityGlobals) = postSolution
		SolutionGuid = {20E6FD03-9002-4EBA-ABF2-9DDE2C488842}
	EndGlobalSection
EndGlobal
